
Microsoft Visual Studio Solution File, Format Version 12.00
# Visual Studio Version 17
VisualStudioVersion = 17.0.31912.275
MinimumVisualStudioVersion = 10.0.40219.1
Project("{FAE04EC0-301F-11D3-BF4B-00C04F79EFBC}") = "CSharp", "CSharp\CSharp.csproj", "{E6B65E3D-28C3-4E43-8569-EB8E1470058B}"
EndProject
Global
	GlobalSection(SolutionConfigurationPlatforms) = preSolution
		Debug|Any CPU = Debug|Any CPU
		Release|Any CPU = Release|Any CPU
	EndGlobalSection
	GlobalSection(ProjectConfigurationPlatforms) = postSolution
		{E6B65E3D-28C3-4E43-8569-EB8E1470058B}.Debug|Any CPU.ActiveCfg = Debug|Any CPU
		{E6B65E3D-28C3-4E43-8569-EB8E1470058B}.Debug|Any CPU.Build.0 = Debug|Any CPU
		{E6B65E3D-28C3-4E43-8569-EB8E1470058B}.Release|Any CPU.ActiveCfg = Release|Any CPU
		{E6B65E3D-28C3-4E43-8569-EB8E1470058B}.Release|Any CPU.Build.0 = Release|Any CPU
	EndGlobalSection
	GlobalSection(SolutionProperties) = preSolution
		HideSolutionNode = FALSE
	EndGlobalSection
	GlobalSection(ExtensibilityGlobals) = postSolution
		SolutionGuid = {D270ACB1-E4D1-41E6-811B-A0AD80378CF8}
	EndGlobalSection
EndGlobal
